Microsoft Visual Studio Solution File, Format Version 11.00
# Visual Studio 2008

Project("{33AB9BA8-D479-255D-AD99-8D3C531CA3E6}") = "Assignment 4 - First person platformer", "Assembly-CSharp.csproj", "{09E2B356-3B58-9E4F-CAEA-A4465135C9F0}"
EndProject
Global
	GlobalSection(SolutionConfigurationPlatforms) = preSolution
		Debug|Any CPU = Debug|Any CPU
		Release|Any CPU = Release|Any CPU
	EndGlobalSection
	GlobalSection(ProjectConfigurationPlatforms) = postSolution
		{09E2B356-3B58-9E4F-CAEA-A4465135C9F0}.Debug|Any CPU.ActiveCfg = Debug|Any CPU
		{09E2B356-3B58-9E4F-CAEA-A4465135C9F0}.Debug|Any CPU.Build.0 = Debug|Any CPU
		{09E2B356-3B58-9E4F-CAEA-A4465135C9F0}.Release|Any CPU.ActiveCfg = Release|Any CPU
		{09E2B356-3B58-9E4F-CAEA-A4465135C9F0}.Release|Any CPU.Build.0 = Release|Any CPU
	EndGlobalSection
	GlobalSection(SolutionProperties) = preSolution
		HideSolutionNode = FALSE
	EndGlobalSection
	GlobalSection(MonoDevelopProperties) = preSolution
		StartupItem = Assembly-CSharp.csproj
	EndGlobalSection
EndGlobal
